
Microsoft Visual Studio Solution File, Format Version 12.00
# Visual Studio Version 17
VisualStudioVersion = 17.11.35312.102
MinimumVisualStudioVersion = 10.0.40219.1
Project("{FAE04EC0-301F-11D3-BF4B-00C04F79EFBC}") = "dataGridView_Shamilova_variant_4", "dataGridView_Shamilova_variant_4\dataGridView_Shamilova_variant_4.csproj", "{30F2A342-837F-460C-890A-33D0385930DA}"
EndProject
Project("{2150E333-8FDC-42A3-9474-1A3956D46DE8}") = "Элементы решения", "Элементы решения", "{6377CCB2-6CD4-4DF4-9181-85A227B4AB56}"
	ProjectSection(SolutionItems) = preProject
		..\..\..\Downloads\editorconfig = ..\..\..\Downloads\editorconfig
	EndProjectSection
EndProject
Project("{FAE04EC0-301F-11D3-BF4B-00C04F79EFBC}") = "dataGridView.Standart.Contracts", "dataGridView.Standart.Contracts\dataGridView.Standart.Contracts.csproj", "{E800822B-17A8-4327-9EBF-349653A14CE4}"
EndProject
Project("{FAE04EC0-301F-11D3-BF4B-00C04F79EFBC}") = "dataGridView.Standart.TourManager", "dataGridView.Standart.TourManager\dataGridView.Standart.TourManager.csproj", "{AAE7BB79-774E-4742-91C1-B313D0D82282}"
EndProject
Project("{FAE04EC0-301F-11D3-BF4B-00C04F79EFBC}") = "dataGridView.Standart.TourStorage", "dataGridView.Standart.TourStorage\dataGridView.Standart.TourStorage.csproj", "{EE320A63-1072-41E5-B4E2-76DC6DAC6496}"
EndProject
Global
	GlobalSection(SolutionConfigurationPlatforms) = preSolution
		Debug|Any CPU = Debug|Any CPU
		Release|Any CPU = Release|Any CPU
	EndGlobalSection
	GlobalSection(ProjectConfigurationPlatforms) = postSolution
		{30F2A342-837F-460C-890A-33D0385930DA}.Debug|Any CPU.ActiveCfg = Debug|Any CPU
		{30F2A342-837F-460C-890A-33D0385930DA}.Debug|Any CPU.Build.0 = Debug|Any CPU
		{30F2A342-837F-460C-890A-33D0385930DA}.Release|Any CPU.ActiveCfg = Release|Any CPU
		{30F2A342-837F-460C-890A-33D0385930DA}.Release|Any CPU.Build.0 = Release|Any CPU
		{E800822B-17A8-4327-9EBF-349653A14CE4}.Debug|Any CPU.ActiveCfg = Debug|Any CPU
		{E800822B-17A8-4327-9EBF-349653A14CE4}.Debug|Any CPU.Build.0 = Debug|Any CPU
		{E800822B-17A8-4327-9EBF-349653A14CE4}.Release|Any CPU.ActiveCfg = Release|Any CPU
		{E800822B-17A8-4327-9EBF-349653A14CE4}.Release|Any CPU.Build.0 = Release|Any CPU
		{AAE7BB79-774E-4742-91C1-B313D0D82282}.Debug|Any CPU.ActiveCfg = Debug|Any CPU
		{AAE7BB79-774E-4742-91C1-B313D0D82282}.Debug|Any CPU.Build.0 = Debug|Any CPU
		{AAE7BB79-774E-4742-91C1-B313D0D82282}.Release|Any CPU.ActiveCfg = Release|Any CPU
		{AAE7BB79-774E-4742-91C1-B313D0D82282}.Release|Any CPU.Build.0 = Release|Any CPU
		{EE320A63-1072-41E5-B4E2-76DC6DAC6496}.Debug|Any CPU.ActiveCfg = Debug|Any CPU
		{EE320A63-1072-41E5-B4E2-76DC6DAC6496}.Debug|Any CPU.Build.0 = Debug|Any CPU
		{EE320A63-1072-41E5-B4E2-76DC6DAC6496}.Release|Any CPU.ActiveCfg = Release|Any CPU
		{EE320A63-1072-41E5-B4E2-76DC6DAC6496}.Release|Any CPU.Build.0 = Release|Any CPU
	EndGlobalSection
	GlobalSection(SolutionProperties) = preSolution
		HideSolutionNode = FALSE
	EndGlobalSection
	GlobalSection(ExtensibilityGlobals) = postSolution
		SolutionGuid = {968FC60A-CB12-4B24-A7CC-DFC57BFEA9FC}
	EndGlobalSection
EndGlobal
